<?xml version="1.0" encoding="utf-8"?>
<Project ToolsVersion="4.0" xmlns="http://schemas.microsoft.com/developer/msbuild/2003">
  <ItemGroup>
    <ClCompile Include="..\..\..\addons\ofxGui\src\ofxBaseGui.cpp">
      <Filter>addons\ofxGui\src</Filter>
    </ClCompile>
    <ClCompile Include="..\..\..\addons\ofxGui\src\ofxButton.cpp">
      <Filter>addons\ofxGui\src</Filter>
    </ClCompile>
    <ClCompile Include="..\..\..\addons\ofxGui\src\ofxGuiGroup.cpp">
      <Filter>addons\ofxGui\src</Filter>
    </ClCompile>
    <ClCompile Include="..\..\..\addons\ofxGui\src\ofxLabel.cpp">
      <Filter>addons\ofxGui\src</Filter>
    </ClCompile>
    <ClCompile Include="..\..\..\addons\ofxGui\src\ofxPanel.cpp">
      <Filter>addons\ofxGui\src</Filter>
    </ClCompile>
    <ClCompile Include="..\..\..\addons\ofxGui\src\ofxSlider.cpp">
      <Filter>addons\ofxGui\src</Filter>
    </ClCompile>
    <ClCompile Include="..\..\..\addons\ofxGui\src\ofxSliderGroup.cpp">
      <Filter>addons\ofxGui\src</Filter>
    </ClCompile>
    <ClCompile Include="..\..\..\addons\ofxGui\src\ofxToggle.cpp">
      <Filter>addons\ofxGui\src</Filter>
    </ClCompile>
    <ClCompile Include="..\..\..\addons\ofxXmlSettings\src\ofxXmlSettings.cpp">
      <Filter>addons\ofxXmlSettings\src</Filter>
    </ClCompile>
    <ClCompile Include="..\..\..\addons\ofxXmlSettings\libs\tinyxml.cpp">
      <Filter>addons\ofxXmlSettings\libs</Filter>
    </ClCompile>
    <ClCompile Include="..\..\..\addons\ofxXmlSettings\libs\tinyxmlerror.cpp">
      <Filter>addons\ofxXmlSettings\libs</Filter>
    </ClCompile>
    <ClCompile Include="..\..\..\addons\ofxXmlSettings\libs\tinyxmlparser.cpp">
      <Filter>addons\ofxXmlSettings\libs</Filter>
    </ClCompile>
    <ClCompile Include="src\main.cpp">
      <Filter>src\Main</Filter>
    </ClCompile>
    <ClCompile Include="src\ofApp.cpp">
      <Filter>src\Main</Filter>
    </ClCompile>
    <ClCompile Include="src\Blinky.cpp">
      <Filter>src\Enemy</Filter>
    </ClCompile>
    <ClCompile Include="src\Clyde.cpp">
      <Filter>src\Enemy</Filter>
    </ClCompile>
    <ClCompile Include="src\Ghost.cpp">
      <Filter>src\Enemy</Filter>
    </ClCompile>
    <ClCompile Include="src\Inky.cpp">
      <Filter>src\Enemy</Filter>
    </ClCompile>
    <ClCompile Include="src\Pinky.cpp">
      <Filter>src\Enemy</Filter>
    </ClCompile>
    <ClCompile Include="src\PacMan.cpp">
      <Filter>src\Pacman</Filter>
    </ClCompile>
    <ClCompile Include="src\TMXCell.cpp">
      <Filter>src\TMX</Filter>
    </ClCompile>
    <ClCompile Include="src\TMXTile.cpp">
      <Filter>src\TMX</Filter>
    </ClCompile>
    <ClCompile Include="src\TMXTileSet.cpp">
      <Filter>src\TMX</Filter>
    </ClCompile>
    <ClCompile Include="src\TMXMap.cpp">
      <Filter>src\TMX</Filter>
    </ClCompile>
    <ClCompile Include="src\TMXMapRenderer.cpp">
      <Filter>src\TMX</Filter>
    </ClCompile>
    <ClCompile Include="src\TMXLoader.cpp">
      <Filter>src\TMX</Filter>
    </ClCompile>
    <ClCompile Include="src\TMXLayer.cpp">
      <Filter>src\TMX</Filter>
    </ClCompile>
  </ItemGroup>
  <ItemGroup>
    <Filter Include="src">
      <UniqueIdentifier>{d8376475-7454-4a24-b08a-aac121d3ad6f}</UniqueIdentifier>
    </Filter>
    <Filter Include="addons">
      <UniqueIdentifier>{71834F65-F3A9-211E-73B8-DC85}</UniqueIdentifier>
    </Filter>
    <Filter Include="addons\ofxGui">
      <UniqueIdentifier>{4F2A59AF-5F4E-704B-D067-EC13}</UniqueIdentifier>
    </Filter>
    <Filter Include="addons\ofxGui\src">
      <UniqueIdentifier>{645E9533-4DCD-6179-1CDF-CB65}</UniqueIdentifier>
    </Filter>
    <Filter Include="addons\ofxXmlSettings">
      <UniqueIdentifier>{877F005D-13E6-0592-1D97-F2E3}</UniqueIdentifier>
    </Filter>
    <Filter Include="addons\ofxXmlSettings\src">
      <UniqueIdentifier>{CCB2AC63-49D2-977C-CFE8-AEAD}</UniqueIdentifier>
    </Filter>
    <Filter Include="addons\ofxXmlSettings\libs">
      <UniqueIdentifier>{687714A8-1662-FA1C-261F-50F0}</UniqueIdentifier>
    </Filter>
    <Filter Include="src\Main">
      <UniqueIdentifier>{9ce5b0a7-78d3-44ee-8f1f-30aa84ba21b2}</UniqueIdentifier>
    </Filter>
    <Filter Include="src\TMX">
      <UniqueIdentifier>{2a32e0bb-f7ad-41d5-ab17-85fe21a80227}</UniqueIdentifier>
    </Filter>
    <Filter Include="src\Enemy">
      <UniqueIdentifier>{b40ab484-f116-4698-bb7e-0eed53cfd52a}</UniqueIdentifier>
    </Filter>
    <Filter Include="src\Pacman">
      <UniqueIdentifier>{240881c8-092f-4644-a26a-9cae5604c98b}</UniqueIdentifier>
    </Filter>
  </ItemGroup>
  <ItemGroup>
    <ClInclude Include="..\..\..\addons\ofxGui\src\ofxBaseGui.h">
      <Filter>addons\ofxGui\src</Filter>
    </ClInclude>
    <ClInclude Include="..\..\..\addons\ofxGui\src\ofxButton.h">
      <Filter>addons\ofxGui\src</Filter>
    </ClInclude>
    <ClInclude Include="..\..\..\addons\ofxGui\src\ofxGui.h">
      <Filter>addons\ofxGui\src</Filter>
    </ClInclude>
    <ClInclude Include="..\..\..\addons\ofxGui\src\ofxGuiGroup.h">
      <Filter>addons\ofxGui\src</Filter>
    </ClInclude>
    <ClInclude Include="..\..\..\addons\ofxGui\src\ofxLabel.h">
      <Filter>addons\ofxGui\src</Filter>
    </ClInclude>
    <ClInclude Include="..\..\..\addons\ofxGui\src\ofxPanel.h">
      <Filter>addons\ofxGui\src</Filter>
    </ClInclude>
    <ClInclude Include="..\..\..\addons\ofxGui\src\ofxSlider.h">
      <Filter>addons\ofxGui\src</Filter>
    </ClInclude>
    <ClInclude Include="..\..\..\addons\ofxGui\src\ofxSliderGroup.h">
      <Filter>addons\ofxGui\src</Filter>
    </ClInclude>
    <ClInclude Include="..\..\..\addons\ofxGui\src\ofxToggle.h">
      <Filter>addons\ofxGui\src</Filter>
    </ClInclude>
    <ClInclude Include="..\..\..\addons\ofxXmlSettings\src\ofxXmlSettings.h">
      <Filter>addons\ofxXmlSettings\src</Filter>
    </ClInclude>
    <ClInclude Include="..\..\..\addons\ofxXmlSettings\libs\tinyxml.h">
      <Filter>addons\ofxXmlSettings\libs</Filter>
    </ClInclude>
    <ClInclude Include="src\ofApp.h">
      <Filter>src\Main</Filter>
    </ClInclude>
    <ClInclude Include="src\Blinky.h">
      <Filter>src\Enemy</Filter>
    </ClInclude>
    <ClInclude Include="src\Clyde.h">
      <Filter>src\Enemy</Filter>
    </ClInclude>
    <ClInclude Include="src\Ghost.h">
      <Filter>src\Enemy</Filter>
    </ClInclude>
    <ClInclude Include="src\Inky.h">
      <Filter>src\Enemy</Filter>
    </ClInclude>
    <ClInclude Include="src\Pinky.h">
      <Filter>src\Enemy</Filter>
    </ClInclude>
    <ClInclude Include="src\PacMan.h">
      <Filter>src\Pacman</Filter>
    </ClInclude>
    <ClInclude Include="src\TMXCell.h">
      <Filter>src\TMX</Filter>
    </ClInclude>
    <ClInclude Include="src\TMXTile.h">
      <Filter>src\TMX</Filter>
    </ClInclude>
    <ClInclude Include="src\TMXTileSet.h">
      <Filter>src\TMX</Filter>
    </ClInclude>
    <ClInclude Include="src\TMXMap.h">
      <Filter>src\TMX</Filter>
    </ClInclude>
    <ClInclude Include="src\TMXMapRenderer.h">
      <Filter>src\TMX</Filter>
    </ClInclude>
    <ClInclude Include="src\TMXLoader.h">
      <Filter>src\TMX</Filter>
    </ClInclude>
    <ClInclude Include="src\TMXLayer.h">
      <Filter>src\TMX</Filter>
    </ClInclude>
  </ItemGroup>
  <ItemGroup>
    <ResourceCompile Include="icon.rc" />
  </ItemGroup>
</Project>